
Microsoft Visual Studio Solution File, Format Version 12.00
# Visual Studio Version 16
VisualStudioVersion = 16.0.30804.86
MinimumVisualStudioVersion = 10.0.40219.1
Project("{FAE04EC0-301F-11D3-BF4B-00C04F79EFBC}") = "Kerberos", "Kerberos\Kerberos.csproj", "{BAAF6EF3-652C-4212-9FA7-F23C08832F1A}"
EndProject
Global
	GlobalSection(SolutionConfigurationPlatforms) = preSolution
		Debug|Any CPU = Debug|Any CPU
		Release|Any CPU = Release|Any CPU
	EndGlobalSection
	GlobalSection(ProjectConfigurationPlatforms) = postSolution
		{BAAF6EF3-652C-4212-9FA7-F23C08832F1A}.Debug|Any CPU.ActiveCfg = Debug|Any CPU
		{BAAF6EF3-652C-4212-9FA7-F23C08832F1A}.Debug|Any CPU.Build.0 = Debug|Any CPU
		{BAAF6EF3-652C-4212-9FA7-F23C08832F1A}.Release|Any CPU.ActiveCfg = Release|Any CPU
		{BAAF6EF3-652C-4212-9FA7-F23C08832F1A}.Release|Any CPU.Build.0 = Release|Any CPU
	EndGlobalSection
	GlobalSection(SolutionProperties) = preSolution
		HideSolutionNode = FALSE
	EndGlobalSection
	GlobalSection(ExtensibilityGlobals) = postSolution
		SolutionGuid = {19A6FFCA-2A52-4143-905C-EE824176019A}
	EndGlobalSection
EndGlobal
